
Microsoft Visual Studio Solution File, Format Version 12.00
# Visual Studio Version 16
VisualStudioVersion = 16.0.30717.126
MinimumVisualStudioVersion = 10.0.40219.1
Project("{FAE04EC0-301F-11D3-BF4B-00C04F79EFBC}") = "Norm", "Norm\Norm.csproj", "{08B780F2-6286-4F20-AAFF-00FF3F5EEDD8}"
EndProject
Global
	GlobalSection(SolutionConfigurationPlatforms) = preSolution
		Debug|Any CPU = Debug|Any CPU
		Release|Any CPU = Release|Any CPU
	EndGlobalSection
	GlobalSection(ProjectConfigurationPlatforms) = postSolution
		{08B780F2-6286-4F20-AAFF-00FF3F5EEDD8}.Debug|Any CPU.ActiveCfg = Debug|Any CPU
		{08B780F2-6286-4F20-AAFF-00FF3F5EEDD8}.Debug|Any CPU.Build.0 = Debug|Any CPU
		{08B780F2-6286-4F20-AAFF-00FF3F5EEDD8}.Release|Any CPU.ActiveCfg = Release|Any CPU
		{08B780F2-6286-4F20-AAFF-00FF3F5EEDD8}.Release|Any CPU.Build.0 = Release|Any CPU
	EndGlobalSection
	GlobalSection(SolutionProperties) = preSolution
		HideSolutionNode = FALSE
	EndGlobalSection
	GlobalSection(ExtensibilityGlobals) = postSolution
		SolutionGuid = {18C400CF-5299-4ECA-96D7-19BF56FAB85D}
	EndGlobalSection
EndGlobal
